
Microsoft Visual Studio Solution File, Format Version 12.00
# Visual Studio Version 17
VisualStudioVersion = 17.11.35327.3
MinimumVisualStudioVersion = 10.0.40219.1
Project("{FAE04EC0-301F-11D3-BF4B-00C04F79EFBC}") = "squares-api", "squares-api\squares-api.csproj", "{4BC38E2D-95A4-4A83-A294-0C78AC1E602F}"
EndProject
Global
	GlobalSection(SolutionConfigurationPlatforms) = preSolution
		Debug|Any CPU = Debug|Any CPU
		Release|Any CPU = Release|Any CPU
	EndGlobalSection
	GlobalSection(ProjectConfigurationPlatforms) = postSolution
		{4BC38E2D-95A4-4A83-A294-0C78AC1E602F}.Debug|Any CPU.ActiveCfg = Debug|Any CPU
		{4BC38E2D-95A4-4A83-A294-0C78AC1E602F}.Debug|Any CPU.Build.0 = Debug|Any CPU
		{4BC38E2D-95A4-4A83-A294-0C78AC1E602F}.Release|Any CPU.ActiveCfg = Release|Any CPU
		{4BC38E2D-95A4-4A83-A294-0C78AC1E602F}.Release|Any CPU.Build.0 = Release|Any CPU
	EndGlobalSection
	GlobalSection(SolutionProperties) = preSolution
		HideSolutionNode = FALSE
	EndGlobalSection
	GlobalSection(ExtensibilityGlobals) = postSolution
		SolutionGuid = {83A85BCE-9EDA-4099-9EE9-CB4BBAF6ACE2}
	EndGlobalSection
EndGlobal
